// !$*UTF8*$!
{
	archiveVersion = 1;
	classes = {
	};
	objectVersion = 52;
	objects = {

/* Begin PBXBuildFile section */
		ED228F2127175D890044546E /* Friend.swift in Sources */ = {isa = PBXBuildFile; fileRef = ED228F2027175D890044546E /* Friend.swift */; };
		ED228F2327175DA40044546E /* Group.swift in Sources */ = {isa = PBXBuildFile; fileRef = ED228F2227175DA40044546E /* Group.swift */; };
		ED228F2527175DC50044546E /* Photo.swift in Sources */ = {isa = PBXBuildFile; fileRef = ED228F2427175DC50044546E /* Photo.swift */; };
		ED228F2727175DE40044546E /* SectionDataModel.swift in Sources */ = {isa = PBXBuildFile; fileRef = ED228F2627175DE40044546E /* SectionDataModel.swift */; };
		ED228F2A27175E150044546E /* LoginService.swift in Sources */ = {isa = PBXBuildFile; fileRef = ED228F2927175E150044546E /* LoginService.swift */; };
		ED228F2D27175E700044546E /* AvatarImageViewBuilder.swift in Sources */ = {isa = PBXBuildFile; fileRef = ED228F2C27175E700044546E /* AvatarImageViewBuilder.swift */; };
		ED228F3027175EB40044546E /* CircleShadowViewModifier.swift in Sources */ = {isa = PBXBuildFile; fileRef = ED228F2F27175EB40044546E /* CircleShadowViewModifier.swift */; };
		ED228F33271760740044546E /* ASCollectionView in Frameworks */ = {isa = PBXBuildFile; productRef = ED228F32271760740044546E /* ASCollectionView */; };
		ED228F36271761C80044546E /* DifferenceKit in Frameworks */ = {isa = PBXBuildFile; productRef = ED228F35271761C80044546E /* DifferenceKit */; };
		ED228F38271778EE0044546E /* SwiftUI_VKServiceApp.swift in Sources */ = {isa = PBXBuildFile; fileRef = ED228F37271778ED0044546E /* SwiftUI_VKServiceApp.swift */; };
		ED228F3A271779100044546E /* ContentView.swift in Sources */ = {isa = PBXBuildFile; fileRef = ED228F39271779100044546E /* ContentView.swift */; };
		ED228F3C2717795C0044546E /* GroupCellView.swift in Sources */ = {isa = PBXBuildFile; fileRef = ED228F3B2717795C0044546E /* GroupCellView.swift */; };
		ED228F3E271779770044546E /* FriendsView.swift in Sources */ = {isa = PBXBuildFile; fileRef = ED228F3D271779770044546E /* FriendsView.swift */; };
		ED228F40271779940044546E /* FriendCellView.swift in Sources */ = {isa = PBXBuildFile; fileRef = ED228F3F271779940044546E /* FriendCellView.swift */; };
		ED228F42271779AE0044546E /* FriendsPhotosView.swift in Sources */ = {isa = PBXBuildFile; fileRef = ED228F41271779AE0044546E /* FriendsPhotosView.swift */; };
		ED228F44271779D40044546E /* FriendPhotoCellView.swift in Sources */ = {isa = PBXBuildFile; fileRef = ED228F43271779D40044546E /* FriendPhotoCellView.swift */; };
		ED228F4627177DE50044546E /* NewsView.swift in Sources */ = {isa = PBXBuildFile; fileRef = ED228F4527177DE50044546E /* NewsView.swift */; };
		ED58300A270B59660067382D /* LoginView.swift in Sources */ = {isa = PBXBuildFile; fileRef = ED583009270B59660067382D /* LoginView.swift */; };
		ED58300C270B59740067382D /* Assets.xcassets in Resources */ = {isa = PBXBuildFile; fileRef = ED58300B270B59740067382D /* Assets.xcassets */; };
		ED58300F270B59740067382D /* Preview Assets.xcassets in Resources */ = {isa = PBXBuildFile; fileRef = ED58300E270B59740067382D /* Preview Assets.xcassets */; };
		ED583012270B59740067382D /* LaunchScreen.storyboard in Resources */ = {isa = PBXBuildFile; fileRef = ED583010270B59740067382D /* LaunchScreen.storyboard */; };
		ED5EE57A27136A4D00EC957F /* FriendCell.swift in Sources */ = {isa = PBXBuildFile; fileRef = ED5EE57927136A4D00EC957F /* FriendCell.swift */; };
		ED5EE57E27137F3A00EC957F /* ContainerView.swift in Sources */ = {isa = PBXBuildFile; fileRef = ED5EE57D27137F3A00EC957F /* ContainerView.swift */; };
		ED5EE582271389A200EC957F /* GroupsView.swift in Sources */ = {isa = PBXBuildFile; fileRef = ED5EE581271389A200EC957F /* GroupsView.swift */; };
/* End PBXBuildFile section */

/* Begin PBXFileReference section */
		ED228F2027175D890044546E /* Friend.swift */ = {isa = PBXFileReference; lastKnownFileType = sourcecode.swift; path = Friend.swift; sourceTree = "<group>"; };
		ED228F2227175DA40044546E /* Group.swift */ = {isa = PBXFileReference; lastKnownFileType = sourcecode.swift; path = Group.swift; sourceTree = "<group>"; };
		ED228F2427175DC50044546E /* Photo.swift */ = {isa = PBXFileReference; lastKnownFileType = sourcecode.swift; path = Photo.swift; sourceTree = "<group>"; };
		ED228F2627175DE40044546E /* SectionDataModel.swift */ = {isa = PBXFileReference; lastKnownFileType = sourcecode.swift; path = SectionDataModel.swift; sourceTree = "<group>"; };
		ED228F2927175E150044546E /* LoginService.swift */ = {isa = PBXFileReference; lastKnownFileType = sourcecode.swift; path = LoginService.swift; sourceTree = "<group>"; };
		ED228F2C27175E700044546E /* AvatarImageViewBuilder.swift */ = {isa = PBXFileReference; lastKnownFileType = sourcecode.swift; path = AvatarImageViewBuilder.swift; sourceTree = "<group>"; };
		ED228F2F27175EB40044546E /* CircleShadowViewModifier.swift */ = {isa = PBXFileReference; lastKnownFileType = sourcecode.swift; path = CircleShadowViewModifier.swift; sourceTree = "<group>"; };
		ED228F37271778ED0044546E /* SwiftUI_VKServiceApp.swift */ = {isa = PBXFileReference; lastKnownFileType = sourcecode.swift; path = SwiftUI_VKServiceApp.swift; sourceTree = "<group>"; };
		ED228F39271779100044546E /* ContentView.swift */ = {isa = PBXFileReference; lastKnownFileType = sourcecode.swift; path = ContentView.swift; sourceTree = "<group>"; };
		ED228F3B2717795C0044546E /* GroupCellView.swift */ = {isa = PBXFileReference; lastKnownFileType = sourcecode.swift; path = GroupCellView.swift; sourceTree = "<group>"; };
		ED228F3D271779770044546E /* FriendsView.swift */ = {isa = PBXFileReference; lastKnownFileType = sourcecode.swift; path = FriendsView.swift; sourceTree = "<group>"; };
		ED228F3F271779940044546E /* FriendCellView.swift */ = {isa = PBXFileReference; lastKnownFileType = sourcecode.swift; path = FriendCellView.swift; sourceTree = "<group>"; };
		ED228F41271779AE0044546E /* FriendsPhotosView.swift */ = {isa = PBXFileReference; lastKnownFileType = sourcecode.swift; path = FriendsPhotosView.swift; sourceTree = "<group>"; };
		ED228F43271779D40044546E /* FriendPhotoCellView.swift */ = {isa = PBXFileReference; lastKnownFileType = sourcecode.swift; path = FriendPhotoCellView.swift; sourceTree = "<group>"; };
		ED228F4527177DE50044546E /* NewsView.swift */ = {isa = PBXFileReference; lastKnownFileType = sourcecode.swift; path = NewsView.swift; sourceTree = "<group>"; };
		ED583002270B59660067382D /* swiftIU-VkClient.app */ = {isa = PBXFileReference; explicitFileType = wrapper.application; includeInIndex = 0; path = "swiftIU-VkClient.app"; sourceTree = BUILT_PRODUCTS_DIR; };
		ED583009270B59660067382D /* LoginView.swift */ = {isa = PBXFileReference; lastKnownFileType = sourcecode.swift; path = LoginView.swift; sourceTree = "<group>"; };
		ED58300B270B59740067382D /* Assets.xcassets */ = {isa = PBXFileReference; lastKnownFileType = folder.assetcatalog; path = Assets.xcassets; sourceTree = "<group>"; };
		ED58300E270B59740067382D /* Preview Assets.xcassets */ = {isa = PBXFileReference; lastKnownFileType = folder.assetcatalog; path = "Preview Assets.xcassets"; sourceTree = "<group>"; };
		ED583011270B59740067382D /* Base */ = {isa = PBXFileReference; lastKnownFileType = file.storyboard; name = Base; path = Base.lproj/LaunchScreen.storyboard; sourceTree = "<group>"; };
		ED583013270B59740067382D /* Info.plist */ = {isa = PBXFileReference; lastKnownFileType = text.plist.xml; path = Info.plist; sourceTree = "<group>"; };
		ED5EE57927136A4D00EC957F /* FriendCell.swift */ = {isa = PBXFileReference; lastKnownFileType = sourcecode.swift; path = FriendCell.swift; sourceTree = "<group>"; };
		ED5EE57D27137F3A00EC957F /* ContainerView.swift */ = {isa = PBXFileReference; lastKnownFileType = sourcecode.swift; path = ContainerView.swift; sourceTree = "<group>"; };
		ED5EE581271389A200EC957F /* GroupsView.swift */ = {isa = PBXFileReference; lastKnownFileType = sourcecode.swift; path = GroupsView.swift; sourceTree = "<group>"; };
/* End PBXFileReference section */

/* Begin PBXFrameworksBuildPhase section */
		ED582FFF270B59660067382D /* Frameworks */ = {
			isa = PBXFrameworksBuildPhase;
			buildActionMask = 2147483647;
			files = (
				ED228F36271761C80044546E /* DifferenceKit in Frameworks */,
				ED228F33271760740044546E /* ASCollectionView in Frameworks */,
			);
			runOnlyForDeploymentPostprocessing = 0;
		};
/* End PBXFrameworksBuildPhase section */

/* Begin PBXGroup section */
		ED228F1F27175D6D0044546E /* Models */ = {
			isa = PBXGroup;
			children = (
				ED228F2027175D890044546E /* Friend.swift */,
				ED228F2227175DA40044546E /* Group.swift */,
				ED228F2427175DC50044546E /* Photo.swift */,
				ED228F2627175DE40044546E /* SectionDataModel.swift */,
			);
			path = Models;
			sourceTree = "<group>";
		};
		ED228F2827175E020044546E /* Services */ = {
			isa = PBXGroup;
			children = (
				ED228F2927175E150044546E /* LoginService.swift */,
			);
			path = Services;
			sourceTree = "<group>";
		};
		ED228F2B27175E4A0044546E /* ViewBuilders */ = {
			isa = PBXGroup;
			children = (
				ED228F2C27175E700044546E /* AvatarImageViewBuilder.swift */,
			);
			path = ViewBuilders;
			sourceTree = "<group>";
		};
		ED228F2E27175E970044546E /* ViewModifiers */ = {
			isa = PBXGroup;
			children = (
				ED228F2F27175EB40044546E /* CircleShadowViewModifier.swift */,
			);
			path = ViewModifiers;
			sourceTree = "<group>";
		};
		ED582FF9270B59650067382D = {
			isa = PBXGroup;
			children = (
				ED583004270B59660067382D /* swiftIU-VkClient */,
				ED583003270B59660067382D /* Products */,
			);
			sourceTree = "<group>";
		};
		ED583003270B59660067382D /* Products */ = {
			isa = PBXGroup;
			children = (
				ED583002270B59660067382D /* swiftIU-VkClient.app */,
			);
			name = Products;
			sourceTree = "<group>";
		};
		ED583004270B59660067382D /* swiftIU-VkClient */ = {
			isa = PBXGroup;
			children = (
				ED228F2E27175E970044546E /* ViewModifiers */,
				ED228F2B27175E4A0044546E /* ViewBuilders */,
				ED228F2827175E020044546E /* Services */,
				ED228F1F27175D6D0044546E /* Models */,
				ED583009270B59660067382D /* LoginView.swift */,
				ED58300B270B59740067382D /* Assets.xcassets */,
				ED583010270B59740067382D /* LaunchScreen.storyboard */,
				ED583013270B59740067382D /* Info.plist */,
				ED58300D270B59740067382D /* Preview Content */,
				ED5EE57927136A4D00EC957F /* FriendCell.swift */,
				ED5EE57D27137F3A00EC957F /* ContainerView.swift */,
				ED5EE581271389A200EC957F /* GroupsView.swift */,
				ED228F37271778ED0044546E /* SwiftUI_VKServiceApp.swift */,
				ED228F39271779100044546E /* ContentView.swift */,
				ED228F3B2717795C0044546E /* GroupCellView.swift */,
				ED228F3D271779770044546E /* FriendsView.swift */,
				ED228F3F271779940044546E /* FriendCellView.swift */,
				ED228F41271779AE0044546E /* FriendsPhotosView.swift */,
				ED228F43271779D40044546E /* FriendPhotoCellView.swift */,
				ED228F4527177DE50044546E /* NewsView.swift */,
			);
			path = "swiftIU-VkClient";
			sourceTree = "<group>";
		};
		ED58300D270B59740067382D /* Preview Content */ = {
			isa = PBXGroup;
			children = (
				ED58300E270B59740067382D /* Preview Assets.xcassets */,
			);
			path = "Preview Content";
			sourceTree = "<group>";
		};
/* End PBXGroup section */

/* Begin PBXNativeTarget section */
		ED583001270B59660067382D /* swiftIU-VkClient */ = {
			isa = PBXNativeTarget;
			buildConfigurationList = ED583016270B59740067382D /* Build configuration list for PBXNativeTarget "swiftIU-VkClient" */;
			buildPhases = (
				ED582FFE270B59660067382D /* Sources */,
				ED582FFF270B59660067382D /* Frameworks */,
				ED583000270B59660067382D /* Resources */,
			);
			buildRules = (
			);
			dependencies = (
			);
			name = "swiftIU-VkClient";
			packageProductDependencies = (
				ED228F32271760740044546E /* ASCollectionView */,
				ED228F35271761C80044546E /* DifferenceKit */,
			);
			productName = "swiftIU-VkClient";
			productReference = ED583002270B59660067382D /* swiftIU-VkClient.app */;
			productType = "com.apple.product-type.application";
		};
/* End PBXNativeTarget section */

/* Begin PBXProject section */
		ED582FFA270B59650067382D /* Project object */ = {
			isa = PBXProject;
			attributes = {
				LastSwiftUpdateCheck = 1250;
				LastUpgradeCheck = 1250;
				TargetAttributes = {
					ED583001270B59660067382D = {
						CreatedOnToolsVersion = 12.5;
					};
				};
			};
			buildConfigurationList = ED582FFD270B59660067382D /* Build configuration list for PBXProject "swiftIU-VkClient" */;
			compatibilityVersion = "Xcode 9.3";
			developmentRegion = en;
			hasScannedForEncodings = 0;
			knownRegions = (
				en,
				Base,
			);
			mainGroup = ED582FF9270B59650067382D;
			packageReferences = (
				ED228F31271760740044546E /* XCRemoteSwiftPackageReference "ASCollectionView" */,
				ED228F34271761C80044546E /* XCRemoteSwiftPackageReference "DifferenceKit" */,
			);
			productRefGroup = ED583003270B59660067382D /* Products */;
			projectDirPath = "";
			projectRoot = "";
			targets = (
				ED583001270B59660067382D /* swiftIU-VkClient */,
			);
		};
/* End PBXProject section */

/* Begin PBXResourcesBuildPhase section */
		ED583000270B59660067382D /* Resources */ = {
			isa = PBXResourcesBuildPhase;
			buildActionMask = 2147483647;
			files = (
				ED583012270B59740067382D /* LaunchScreen.storyboard in Resources */,
				ED58300F270B59740067382D /* Preview Assets.xcassets in Resources */,
				ED58300C270B59740067382D /* Assets.xcassets in Resources */,
			);
			runOnlyForDeploymentPostprocessing = 0;
		};
/* End PBXResourcesBuildPhase section */

/* Begin PBXSourcesBuildPhase section */
		ED582FFE270B59660067382D /* Sources */ = {
			isa = PBXSourcesBuildPhase;
			buildActionMask = 2147483647;
			files = (
				ED5EE57A27136A4D00EC957F /* FriendCell.swift in Sources */,
				ED228F2327175DA40044546E /* Group.swift in Sources */,
				ED228F4627177DE50044546E /* NewsView.swift in Sources */,
				ED228F38271778EE0044546E /* SwiftUI_VKServiceApp.swift in Sources */,
				ED228F42271779AE0044546E /* FriendsPhotosView.swift in Sources */,
				ED228F40271779940044546E /* FriendCellView.swift in Sources */,
				ED5EE582271389A200EC957F /* GroupsView.swift in Sources */,
				ED228F2527175DC50044546E /* Photo.swift in Sources */,
				ED228F3027175EB40044546E /* CircleShadowViewModifier.swift in Sources */,
				ED228F2A27175E150044546E /* LoginService.swift in Sources */,
				ED228F3E271779770044546E /* FriendsView.swift in Sources */,
				ED228F44271779D40044546E /* FriendPhotoCellView.swift in Sources */,
				ED5EE57E27137F3A00EC957F /* ContainerView.swift in Sources */,
				ED228F2727175DE40044546E /* SectionDataModel.swift in Sources */,
				ED228F2D27175E700044546E /* AvatarImageViewBuilder.swift in Sources */,
				ED228F3C2717795C0044546E /* GroupCellView.swift in Sources */,
				ED228F3A271779100044546E /* ContentView.swift in Sources */,
				ED58300A270B59660067382D /* LoginView.swift in Sources */,
				ED228F2127175D890044546E /* Friend.swift in Sources */,
			);
			runOnlyForDeploymentPostprocessing = 0;
		};
/* End PBXSourcesBuildPhase section */

/* Begin PBXVariantGroup section */
		ED583010270B59740067382D /* LaunchScreen.storyboard */ = {
			isa = PBXVariantGroup;
			children = (
				ED583011270B59740067382D /* Base */,
			);
			name = LaunchScreen.storyboard;
			sourceTree = "<group>";
		};
/* End PBXVariantGroup section */

/* Begin XCBuildConfiguration section */
		ED583014270B59740067382D /* Debug */ = {
			isa = XCBuildConfiguration;
			buildSettings = {
				ALWAYS_SEARCH_USER_PATHS = NO;
				CLANG_ANALYZER_NONNULL = YES;
				CLANG_ANALYZER_NUMBER_OBJECT_CONVERSION = YES_AGGRESSIVE;
				CLANG_CXX_LANGUAGE_STANDARD = "gnu++14";
				CLANG_CXX_LIBRARY = "libc++";
				CLANG_ENABLE_MODULES = YES;
				CLANG_ENABLE_OBJC_ARC = YES;
				CLANG_ENABLE_OBJC_WEAK = YES;
				CLANG_WARN_BLOCK_CAPTURE_AUTORELEASING = YES;
				CLANG_WARN_BOOL_CONVERSION = YES;
				CLANG_WARN_COMMA = YES;
				CLANG_WARN_CONSTANT_CONVERSION = YES;
				CLANG_WARN_DEPRECATED_OBJC_IMPLEMENTATIONS = YES;
				CLANG_WARN_DIRECT_OBJC_ISA_USAGE = YES_ERROR;
				CLANG_WARN_DOCUMENTATION_COMMENTS = YES;
				CLANG_WARN_EMPTY_BODY = YES;
				CLANG_WARN_ENUM_CONVERSION = YES;
				CLANG_WARN_INFINITE_RECURSION = YES;
				CLANG_WARN_INT_CONVERSION = YES;
				CLANG_WARN_NON_LITERAL_NULL_CONVERSION = YES;
				CLANG_WARN_OBJC_IMPLICIT_RETAIN_SELF = YES;
				CLANG_WARN_OBJC_LITERAL_CONVERSION = YES;
				CLANG_WARN_OBJC_ROOT_CLASS = YES_ERROR;
				CLANG_WARN_QUOTED_INCLUDE_IN_FRAMEWORK_HEADER = YES;
				CLANG_WARN_RANGE_LOOP_ANALYSIS = YES;
				CLANG_WARN_STRICT_PROTOTYPES = YES;
				CLANG_WARN_SUSPICIOUS_MOVE = YES;
				CLANG_WARN_UNGUARDED_AVAILABILITY = YES_AGGRESSIVE;
				CLANG_WARN_UNREACHABLE_CODE = YES;
				CLANG_WARN__DUPLICATE_METHOD_MATCH = YES;
				COPY_PHASE_STRIP = NO;
				DEBUG_INFORMATION_FORMAT = dwarf;
				ENABLE_STRICT_OBJC_MSGSEND = YES;
				ENABLE_TESTABILITY = YES;
				GCC_C_LANGUAGE_STANDARD = gnu11;
				GCC_DYNAMIC_NO_PIC = NO;
				GCC_NO_COMMON_BLOCKS = YES;
				GCC_OPTIMIZATION_LEVEL = 0;
				GCC_PREPROCESSOR_DEFINITIONS = (
					"DEBUG=1",
					"$(inherited)",
				);
				GCC_WARN_64_TO_32_BIT_CONVERSION = YES;
				GCC_WARN_ABOUT_RETURN_TYPE = YES_ERROR;
				GCC_WARN_UNDECLARED_SELECTOR = YES;
				GCC_WARN_UNINITIALIZED_AUTOS = YES_AGGRESSIVE;
				GCC_WARN_UNUSED_FUNCTION = YES;
				GCC_WARN_UNUSED_VARIABLE = YES;
				IPHONEOS_DEPLOYMENT_TARGET = 14.5;
				MTL_ENABLE_DEBUG_INFO = INCLUDE_SOURCE;
				MTL_FAST_MATH = YES;
				ONLY_ACTIVE_ARCH = YES;
				SDKROOT = iphoneos;
				SWIFT_ACTIVE_COMPILATION_CONDITIONS = DEBUG;
				SWIFT_OPTIMIZATION_LEVEL = "-Onone";
			};
			name = Debug;
		};
		ED583015270B59740067382D /* Release */ = {
			isa = XCBuildConfiguration;
			buildSettings = {
				ALWAYS_SEARCH_USER_PATHS = NO;
				CLANG_ANALYZER_NONNULL = YES;
				CLANG_ANALYZER_NUMBER_OBJECT_CONVERSION = YES_AGGRESSIVE;
				CLANG_CXX_LANGUAGE_STANDARD = "gnu++14";
				CLANG_CXX_LIBRARY = "libc++";
				CLANG_ENABLE_MODULES = YES;
				CLANG_ENABLE_OBJC_ARC = YES;
				CLANG_ENABLE_OBJC_WEAK = YES;
				CLANG_WARN_BLOCK_CAPTURE_AUTORELEASING = YES;
				CLANG_WARN_BOOL_CONVERSION = YES;
				CLANG_WARN_COMMA = YES;
				CLANG_WARN_CONSTANT_CONVERSION = YES;
				CLANG_WARN_DEPRECATED_OBJC_IMPLEMENTATIONS = YES;
				CLANG_WARN_DIRECT_OBJC_ISA_USAGE = YES_ERROR;
				CLANG_WARN_DOCUMENTATION_COMMENTS = YES;
				CLANG_WARN_EMPTY_BODY = YES;
				CLANG_WARN_ENUM_CONVERSION = YES;
				CLANG_WARN_INFINITE_RECURSION = YES;
				CLANG_WARN_INT_CONVERSION = YES;
				CLANG_WARN_NON_LITERAL_NULL_CONVERSION = YES;
				CLANG_WARN_OBJC_IMPLICIT_RETAIN_SELF = YES;
				CLANG_WARN_OBJC_LITERAL_CONVERSION = YES;
				CLANG_WARN_OBJC_ROOT_CLASS = YES_ERROR;
				CLANG_WARN_QUOTED_INCLUDE_IN_FRAMEWORK_HEADER = YES;
				CLANG_WARN_RANGE_LOOP_ANALYSIS = YES;
				CLANG_WARN_STRICT_PROTOTYPES = YES;
				CLANG_WARN_SUSPICIOUS_MOVE = YES;
				CLANG_WARN_UNGUARDED_AVAILABILITY = YES_AGGRESSIVE;
				CLANG_WARN_UNREACHABLE_CODE = YES;
				CLANG_WARN__DUPLICATE_METHOD_MATCH = YES;
				COPY_PHASE_STRIP = NO;
				DEBUG_INFORMATION_FORMAT = "dwarf-with-dsym";
				ENABLE_NS_ASSERTIONS = NO;
				ENABLE_STRICT_OBJC_MSGSEND = YES;
				GCC_C_LANGUAGE_STANDARD = gnu11;
				GCC_NO_COMMON_BLOCKS = YES;
				GCC_WARN_64_TO_32_BIT_CONVERSION = YES;
				GCC_WARN_ABOUT_RETURN_TYPE = YES_ERROR;
				GCC_WARN_UNDECLARED_SELECTOR = YES;
				GCC_WARN_UNINITIALIZED_AUTOS = YES_AGGRESSIVE;
				GCC_WARN_UNUSED_FUNCTION = YES;
				GCC_WARN_UNUSED_VARIABLE = YES;
				IPHONEOS_DEPLOYMENT_TARGET = 14.5;
				MTL_ENABLE_DEBUG_INFO = NO;
				MTL_FAST_MATH = YES;
				SDKROOT = iphoneos;
				SWIFT_COMPILATION_MODE = wholemodule;
				SWIFT_OPTIMIZATION_LEVEL = "-O";
				VALIDATE_PRODUCT = YES;
			};
			name = Release;
		};
		ED583017270B59740067382D /* Debug */ = {
			isa = XCBuildConfiguration;
			buildSettings = {
				ASSETCATALOG_COMPILER_APPICON_NAME = AppIcon;
				ASSETCATALOG_COMPILER_GLOBAL_ACCENT_COLOR_NAME = AccentColor;
				CODE_SIGN_STYLE = Automatic;
				DEVELOPMENT_ASSET_PATHS = "\"swiftIU-VkClient/Preview Content\"";
				DEVELOPMENT_TEAM = HC675G235N;
				ENABLE_PREVIEWS = YES;
				INFOPLIST_FILE = "swiftIU-VkClient/Info.plist";
				LD_RUNPATH_SEARCH_PATHS = (
					"$(inherited)",
					"@executable_path/Frameworks",
				);
				PRODUCT_BUNDLE_IDENTIFIER = "Kirill-Tarasov.swiftIU-VkClient";
				PRODUCT_NAME = "$(TARGET_NAME)";
				SWIFT_VERSION = 5.0;
				TARGETED_DEVICE_FAMILY = "1,2";
			};
			name = Debug;
		};
		ED583018270B59740067382D /* Release */ = {
			isa = XCBuildConfiguration;
			buildSettings = {
				ASSETCATALOG_COMPILER_APPICON_NAME = AppIcon;
				ASSETCATALOG_COMPILER_GLOBAL_ACCENT_COLOR_NAME = AccentColor;
				CODE_SIGN_STYLE = Automatic;
				DEVELOPMENT_ASSET_PATHS = "\"swiftIU-VkClient/Preview Content\"";
				DEVELOPMENT_TEAM = HC675G235N;
				ENABLE_PREVIEWS = YES;
				INFOPLIST_FILE = "swiftIU-VkClient/Info.plist";
				LD_RUNPATH_SEARCH_PATHS = (
					"$(inherited)",
					"@executable_path/Frameworks",
				);
				PRODUCT_BUNDLE_IDENTIFIER = "Kirill-Tarasov.swiftIU-VkClient";
				PRODUCT_NAME = "$(TARGET_NAME)";
				SWIFT_VERSION = 5.0;
				TARGETED_DEVICE_FAMILY = "1,2";
			};
			name = Release;
		};
/* End XCBuildConfiguration section */

/* Begin XCConfigurationList section */
		ED582FFD270B59660067382D /* Build configuration list for PBXProject "swiftIU-VkClient" */ = {
			isa = XCConfigurationList;
			buildConfigurations = (
				ED583014270B59740067382D /* Debug */,
				ED583015270B59740067382D /* Release */,
			);
			defaultConfigurationIsVisible = 0;
			defaultConfigurationName = Release;
		};
		ED583016270B59740067382D /* Build configuration list for PBXNativeTarget "swiftIU-VkClient" */ = {
			isa = XCConfigurationList;
			buildConfigurations = (
				ED583017270B59740067382D /* Debug */,
				ED583018270B59740067382D /* Release */,
			);
			defaultConfigurationIsVisible = 0;
			defaultConfigurationName = Release;
		};
/* End XCConfigurationList section */

/* Begin XCRemoteSwiftPackageReference section */
		ED228F31271760740044546E /* XCRemoteSwiftPackageReference "ASCollectionView" */ = {
			isa = XCRemoteSwiftPackageReference;
			repositoryURL = "https://github.com/apptekstudios/ASCollectionView";
			requirement = {
				kind = upToNextMajorVersion;
				minimumVersion = 2.1.1;
			};
		};
		ED228F34271761C80044546E /* XCRemoteSwiftPackageReference "DifferenceKit" */ = {
			isa = XCRemoteSwiftPackageReference;
			repositoryURL = "https://github.com/ra1028/DifferenceKit";
			requirement = {
				kind = upToNextMajorVersion;
				minimumVersion = 1.0.0;
			};
		};
/* End XCRemoteSwiftPackageReference section */

/* Begin XCSwiftPackageProductDependency section */
		ED228F32271760740044546E /* ASCollectionView */ = {
			isa = XCSwiftPackageProductDependency;
			package = ED228F31271760740044546E /* XCRemoteSwiftPackageReference "ASCollectionView" */;
			productName = ASCollectionView;
		};
		ED228F35271761C80044546E /* DifferenceKit */ = {
			isa = XCSwiftPackageProductDependency;
			package = ED228F34271761C80044546E /* XCRemoteSwiftPackageReference "DifferenceKit" */;
			productName = DifferenceKit;
		};
/* End XCSwiftPackageProductDependency section */
	};
	rootObject = ED582FFA270B59650067382D /* Project object */;
}
